
Microsoft Visual Studio Solution File, Format Version 12.00
# Visual Studio Version 16
VisualStudioVersion = 16.0.31729.503
MinimumVisualStudioVersion = 10.0.40219.1
Project("{FAE04EC0-301F-11D3-BF4B-00C04F79EFBC}") = "tsk4", "tsk4\tsk4.csproj", "{834D5BA9-1D9F-4A5E-8563-15C43BD8C99D}"
EndProject
Global
	GlobalSection(SolutionConfigurationPlatforms) = preSolution
		Debug|Any CPU = Debug|Any CPU
		Release|Any CPU = Release|Any CPU
	EndGlobalSection
	GlobalSection(ProjectConfigurationPlatforms) = postSolution
		{834D5BA9-1D9F-4A5E-8563-15C43BD8C99D}.Debug|Any CPU.ActiveCfg = Debug|Any CPU
		{834D5BA9-1D9F-4A5E-8563-15C43BD8C99D}.Debug|Any CPU.Build.0 = Debug|Any CPU
		{834D5BA9-1D9F-4A5E-8563-15C43BD8C99D}.Release|Any CPU.ActiveCfg = Release|Any CPU
		{834D5BA9-1D9F-4A5E-8563-15C43BD8C99D}.Release|Any CPU.Build.0 = Release|Any CPU
	EndGlobalSection
	GlobalSection(SolutionProperties) = preSolution
		HideSolutionNode = FALSE
	EndGlobalSection
	GlobalSection(ExtensibilityGlobals) = postSolution
		SolutionGuid = {4C6E4B16-1B62-419F-8A7A-770E2A76253A}
	EndGlobalSection
EndGlobal
